PODS:
  - BPBLESDK-S02-iOS (0.0.3):
    - iOSDFULibrary (~> 4.3.0)
    - SSZipArchive (~> 2.1.4)
  - iOSDFULibrary (4.3.0):
    - ZIPFoundation (~> 0.9.8)
  - Masonry (1.1.0)
  - MBProgressHUD (1.0.0)
  - SSZipArchive (2.1.5)
  - YYKit (1.0.9):
    - YYKit/no-arc (= 1.0.9)
  - YYKit/no-arc (1.0.9)
  - ZIPFoundation (0.9.8)

DEPENDENCIES:
  - BPBLESDK-S02-iOS (from `https://github.com/BodyPlusTechnology/BPBLESDK-S02-iOS.git`)
  - iOSDFULibrary (~> 4.3.0)
  - Masonry (= 1.1.0)
  - MBProgressHUD (~> 1.0.0)
  - SSZipArchive (~> 2.1.4)
  - YYKit

SPEC REPOS:
  https://github.com/cocoapods/specs.git:
    - iOSDFULibrary
    - Masonry
    - MBProgressHUD
    - SSZipArchive
    - YYKit
    - ZIPFoundation

EXTERNAL SOURCES:
  BPBLESDK-S02-iOS:
    :git: https://github.com/BodyPlusTechnology/BPBLESDK-S02-iOS.git

CHECKOUT OPTIONS:
  BPBLESDK-S02-iOS:
    :commit: ea3423b4eb3a2d2ffa68cb495e5359557f0c8e91
    :git: https://github.com/BodyPlusTechnology/BPBLESDK-S02-iOS.git

SPEC CHECKSUMS:
  BPBLESDK-S02-iOS: 90c486f3282ca63a8b4684016418f598dd38deee
  iOSDFULibrary: 41a38d1d2550bf2b0c81e7ccd006af3a96c8149b
  Masonry: 678fab65091a9290e40e2832a55e7ab731aad201
  MBProgressHUD: 4890f671c94e8a0f3cf959aa731e9de2f036d71a
  SSZipArchive: cefe1364104a0231268a5deb8495bdf2861f52f0
  YYKit: 7cda43304a8dc3696c449041e2cb3107b4e236e7
  ZIPFoundation: b1f07e4409baf1641f3fe5948b2a1c3f5c500cb1

PODFILE CHECKSUM: 4c77a1ae6859fb3008b696d695709e6137c07e3f

COCOAPODS: 1.6.1
