PODS:
  - BPBLESDK-S02-iOS (1.0.2):
    - iOSDFULibrary (~> 4.3.0)
    - SSZipArchive (~> 2.1.4)
  - iOSDFULibrary (4.3.0):
    - ZIPFoundation (~> 0.9.8)
  - Masonry (1.1.0)
  - MBProgressHUD (1.0.0)
  - SSZipArchive (2.1.5)
  - YYKit (1.0.9):
    - YYKit/no-arc (= 1.0.9)
  - YYKit/no-arc (1.0.9)
  - ZIPFoundation (0.9.10)

DEPENDENCIES:
  - BPBLESDK-S02-iOS (from `../`)
  - iOSDFULibrary (~> 4.3.0)
  - Masonry (= 1.1.0)
  - MBProgressHUD (~> 1.0.0)
  - SSZipArchive (~> 2.1.4)
  - YYKit

SPEC REPOS:
  https://github.com/cocoapods/specs.git:
    - iOSDFULibrary
    - Masonry
    - MBProgressHUD
    - SSZipArchive
    - YYKit
    - ZIPFoundation

EXTERNAL SOURCES:
  BPBLESDK-S02-iOS:
    :path: "../"

SPEC CHECKSUMS:
  BPBLESDK-S02-iOS: ac2599fb62d49c74130ad597dec4557983b1d2d0
  iOSDFULibrary: 41a38d1d2550bf2b0c81e7ccd006af3a96c8149b
  Masonry: 678fab65091a9290e40e2832a55e7ab731aad201
  MBProgressHUD: 4890f671c94e8a0f3cf959aa731e9de2f036d71a
  SSZipArchive: cefe1364104a0231268a5deb8495bdf2861f52f0
  YYKit: 7cda43304a8dc3696c449041e2cb3107b4e236e7
  ZIPFoundation: 249fa8890597086cd536bb2df5c9804d84e122b0

PODFILE CHECKSUM: 8427c65d6a648e952bb1c52e91ada7c3002dc524

COCOAPODS: 1.6.1
