PODS:
  - BPBLESDK-S02-iOS (0.0.8):
    - iOSDFULibrary (~> 4.3.0)
    - SSZipArchive (~> 2.1.4)
  - iOSDFULibrary (4.3.0):
    - ZIPFoundation (~> 0.9.8)
  - Masonry (1.1.0)
  - MBProgressHUD (1.0.0)
  - SSZipArchive (2.1.5)
  - YYKit (1.0.9):
    - YYKit/no-arc (= 1.0.9)
  - YYKit/no-arc (1.0.9)
  - ZIPFoundation (0.9.9)

DEPENDENCIES:
  - BPBLESDK-S02-iOS (from `https://github.com/BodyPlusTechnology/BPBLESDK-S02-iOS.git`)
  - iOSDFULibrary (~> 4.3.0)
  - Masonry (= 1.1.0)
  - MBProgressHUD (~> 1.0.0)
  - SSZipArchive (~> 2.1.4)
  - YYKit

SPEC REPOS:
  https://github.com/cocoapods/specs.git:
    - iOSDFULibrary
    - Masonry
    - MBProgressHUD
    - SSZipArchive
    - YYKit
    - ZIPFoundation

EXTERNAL SOURCES:
  BPBLESDK-S02-iOS:
    :git: https://github.com/BodyPlusTechnology/BPBLESDK-S02-iOS.git

CHECKOUT OPTIONS:
  BPBLESDK-S02-iOS:
    :commit: aac77aa35862c2113546f78f19741da8f6bb2dfa
    :git: https://github.com/BodyPlusTechnology/BPBLESDK-S02-iOS.git

SPEC CHECKSUMS:
  BPBLESDK-S02-iOS: b308c50fbc1591ca0760bbd89dbf9c79fc3253fd
  iOSDFULibrary: 41a38d1d2550bf2b0c81e7ccd006af3a96c8149b
  Masonry: 678fab65091a9290e40e2832a55e7ab731aad201
  MBProgressHUD: 4890f671c94e8a0f3cf959aa731e9de2f036d71a
  SSZipArchive: cefe1364104a0231268a5deb8495bdf2861f52f0
  YYKit: 7cda43304a8dc3696c449041e2cb3107b4e236e7
  ZIPFoundation: 89df685c971926b0323087952320bdfee9f0b6ef

PODFILE CHECKSUM: 71ad9e878fb85b8f60690eaca087c15c8406f42d

COCOAPODS: 1.6.1
