// !$*UTF8*$!
{
	archiveVersion = 1;
	classes = {
	};
	objectVersion = 50;
	objects = {

/* Begin PBXBuildFile section */
		60BA3B100F83A85C838E1634 /* Pods_BPBLEDemo.framework in Frameworks */ = {isa = PBXBuildFile; fileRef = BD86670C5F33B30A7E182BD5 /* Pods_BPBLEDemo.framework */; };
		E2491D00225C961C008E7CE0 /* s02_0004_0120.zip in Resources */ = {isa = PBXBuildFile; fileRef = E2491CF8225C961C008E7CE0 /* s02_0004_0120.zip */; };
		E2491D01225C961C008E7CE0 /* s02_0101_0122.zip in Resources */ = {isa = PBXBuildFile; fileRef = E2491CF9225C961C008E7CE0 /* s02_0101_0122.zip */; };
		E2491D02225C961C008E7CE0 /* s02_0100_0122.zip in Resources */ = {isa = PBXBuildFile; fileRef = E2491CFA225C961C008E7CE0 /* s02_0100_0122.zip */; };
		E2491D03225C961C008E7CE0 /* s02_0006_0120.zip in Resources */ = {isa = PBXBuildFile; fileRef = E2491CFB225C961C008E7CE0 /* s02_0006_0120.zip */; };
		E2491D04225C961C008E7CE0 /* s02_dfu_0006.zip in Resources */ = {isa = PBXBuildFile; fileRef = E2491CFD225C961C008E7CE0 /* s02_dfu_0006.zip */; };
		E2491D05225C961C008E7CE0 /* s02_dfu_0004.zip in Resources */ = {isa = PBXBuildFile; fileRef = E2491CFE225C961C008E7CE0 /* s02_dfu_0004.zip */; };
		E2491D06225C961C008E7CE0 /* s02_dfu_0100.zip in Resources */ = {isa = PBXBuildFile; fileRef = E2491CFF225C961C008E7CE0 /* s02_dfu_0100.zip */; };
		E29619D3225B685A00AD4032 /* AppDelegate.m in Sources */ = {isa = PBXBuildFile; fileRef = E29619D2225B685A00AD4032 /* AppDelegate.m */; };
		E29619DB225B685C00AD4032 /* Assets.xcassets in Resources */ = {isa = PBXBuildFile; fileRef = E29619DA225B685B00AD4032 /* Assets.xcassets */; };
		E29619DE225B685C00AD4032 /* LaunchScreen.storyboard in Resources */ = {isa = PBXBuildFile; fileRef = E29619DC225B685C00AD4032 /* LaunchScreen.storyboard */; };
		E29619E1225B685C00AD4032 /* main.m in Sources */ = {isa = PBXBuildFile; fileRef = E29619E0225B685C00AD4032 /* main.m */; };
		E29619EB225B692300AD4032 /* Nothing.swift in Sources */ = {isa = PBXBuildFile; fileRef = E29619EA225B692300AD4032 /* Nothing.swift */; };
		E2961A05225B6B1300AD4032 /* NSObject+BPHUD.m in Sources */ = {isa = PBXBuildFile; fileRef = E29619F7225B6B1300AD4032 /* NSObject+BPHUD.m */; };
		E2961A06225B6B1300AD4032 /* BPConnectedVC.m in Sources */ = {isa = PBXBuildFile; fileRef = E29619FB225B6B1300AD4032 /* BPConnectedVC.m */; };
		E2961A07225B6B1300AD4032 /* BPScanningVC.m in Sources */ = {isa = PBXBuildFile; fileRef = E29619FF225B6B1300AD4032 /* BPScanningVC.m */; };
		E2961A08225B6B1300AD4032 /* BPBLEDemoVC.m in Sources */ = {isa = PBXBuildFile; fileRef = E2961A04225B6B1300AD4032 /* BPBLEDemoVC.m */; };
/* End PBXBuildFile section */

/* Begin PBXFileReference section */
		23CC95989AB596853BE6C752 /* Pods-BPBLEDemo.debug.xcconfig */ = {isa = PBXFileReference; includeInIndex = 1; lastKnownFileType = text.xcconfig; name = "Pods-BPBLEDemo.debug.xcconfig"; path = "Target Support Files/Pods-BPBLEDemo/Pods-BPBLEDemo.debug.xcconfig"; sourceTree = "<group>"; };
		5B0AB4CAF88C2A806A8DA325 /* Pods-BPBLEDemo.release.xcconfig */ = {isa = PBXFileReference; includeInIndex = 1; lastKnownFileType = text.xcconfig; name = "Pods-BPBLEDemo.release.xcconfig"; path = "Target Support Files/Pods-BPBLEDemo/Pods-BPBLEDemo.release.xcconfig"; sourceTree = "<group>"; };
		BD86670C5F33B30A7E182BD5 /* Pods_BPBLEDemo.framework */ = {isa = PBXFileReference; explicitFileType = wrapper.framework; includeInIndex = 0; path = Pods_BPBLEDemo.framework; sourceTree = BUILT_PRODUCTS_DIR; };
		E2491CF8225C961C008E7CE0 /* s02_0004_0120.zip */ = {isa = PBXFileReference; lastKnownFileType = archive.zip; path = s02_0004_0120.zip; sourceTree = "<group>"; };
		E2491CF9225C961C008E7CE0 /* s02_0101_0122.zip */ = {isa = PBXFileReference; lastKnownFileType = archive.zip; path = s02_0101_0122.zip; sourceTree = "<group>"; };
		E2491CFA225C961C008E7CE0 /* s02_0100_0122.zip */ = {isa = PBXFileReference; lastKnownFileType = archive.zip; path = s02_0100_0122.zip; sourceTree = "<group>"; };
		E2491CFB225C961C008E7CE0 /* s02_0006_0120.zip */ = {isa = PBXFileReference; lastKnownFileType = archive.zip; path = s02_0006_0120.zip; sourceTree = "<group>"; };
		E2491CFD225C961C008E7CE0 /* s02_dfu_0006.zip */ = {isa = PBXFileReference; lastKnownFileType = archive.zip; path = s02_dfu_0006.zip; sourceTree = "<group>"; };
		E2491CFE225C961C008E7CE0 /* s02_dfu_0004.zip */ = {isa = PBXFileReference; lastKnownFileType = archive.zip; path = s02_dfu_0004.zip; sourceTree = "<group>"; };
		E2491CFF225C961C008E7CE0 /* s02_dfu_0100.zip */ = {isa = PBXFileReference; lastKnownFileType = archive.zip; path = s02_dfu_0100.zip; sourceTree = "<group>"; };
		E29619CE225B685A00AD4032 /* BPBLEDemo.app */ = {isa = PBXFileReference; explicitFileType = wrapper.application; includeInIndex = 0; path = BPBLEDemo.app; sourceTree = BUILT_PRODUCTS_DIR; };
		E29619D1225B685A00AD4032 /* AppDelegate.h */ = {isa = PBXFileReference; lastKnownFileType = sourcecode.c.h; path = AppDelegate.h; sourceTree = "<group>"; };
		E29619D2225B685A00AD4032 /* AppDelegate.m */ = {isa = PBXFileReference; lastKnownFileType = sourcecode.c.objc; path = AppDelegate.m; sourceTree = "<group>"; };
		E29619DA225B685B00AD4032 /* Assets.xcassets */ = {isa = PBXFileReference; lastKnownFileType = folder.assetcatalog; path = Assets.xcassets; sourceTree = "<group>"; };
		E29619DD225B685C00AD4032 /* Base */ = {isa = PBXFileReference; lastKnownFileType = file.storyboard; name = Base; path = Base.lproj/LaunchScreen.storyboard; sourceTree = "<group>"; };
		E29619DF225B685C00AD4032 /* Info.plist */ = {isa = PBXFileReference; lastKnownFileType = text.plist.xml; path = Info.plist; sourceTree = "<group>"; };
		E29619E0225B685C00AD4032 /* main.m */ = {isa = PBXFileReference; lastKnownFileType = sourcecode.c.objc; path = main.m; sourceTree = "<group>"; };
		E29619E9225B692300AD4032 /* BPBLEDemo-Bridging-Header.h */ = {isa = PBXFileReference; lastKnownFileType = sourcecode.c.h; path = "BPBLEDemo-Bridging-Header.h"; sourceTree = "<group>"; };
		E29619EA225B692300AD4032 /* Nothing.swift */ = {isa = PBXFileReference; lastKnownFileType = sourcecode.swift; path = Nothing.swift; sourceTree = "<group>"; };
		E29619F6225B6B1300AD4032 /* NSObject+BPHUD.h */ = {isa = PBXFileReference; fileEncoding = 4; lastKnownFileType = sourcecode.c.h; path = "NSObject+BPHUD.h"; sourceTree = "<group>"; };
		E29619F7225B6B1300AD4032 /* NSObject+BPHUD.m */ = {isa = PBXFileReference; fileEncoding = 4; lastKnownFileType = sourcecode.c.objc; path = "NSObject+BPHUD.m"; sourceTree = "<group>"; };
		E29619FB225B6B1300AD4032 /* BPConnectedVC.m */ = {isa = PBXFileReference; fileEncoding = 4; lastKnownFileType = sourcecode.c.objc; path = BPConnectedVC.m; sourceTree = "<group>"; };
		E29619FC225B6B1300AD4032 /* BPConnectedVC.h */ = {isa = PBXFileReference; fileEncoding = 4; lastKnownFileType = sourcecode.c.h; path = BPConnectedVC.h; sourceTree = "<group>"; };
		E29619FF225B6B1300AD4032 /* BPScanningVC.m */ = {isa = PBXFileReference; fileEncoding = 4; lastKnownFileType = sourcecode.c.objc; path = BPScanningVC.m; sourceTree = "<group>"; };
		E2961A00225B6B1300AD4032 /* BPScanningVC.h */ = {isa = PBXFileReference; fileEncoding = 4; lastKnownFileType = sourcecode.c.h; path = BPScanningVC.h; sourceTree = "<group>"; };
		E2961A03225B6B1300AD4032 /* BPBLEDemoVC.h */ = {isa = PBXFileReference; fileEncoding = 4; lastKnownFileType = sourcecode.c.h; path = BPBLEDemoVC.h; sourceTree = "<group>"; };
		E2961A04225B6B1300AD4032 /* BPBLEDemoVC.m */ = {isa = PBXFileReference; fileEncoding = 4; lastKnownFileType = sourcecode.c.objc; path = BPBLEDemoVC.m; sourceTree = "<group>"; };
		E2961A36225B7D2D00AD4032 /* PrefixHeader.pch */ = {isa = PBXFileReference; fileEncoding = 4; lastKnownFileType = sourcecode.c.h; path = PrefixHeader.pch; sourceTree = "<group>"; };
/* End PBXFileReference section */

/* Begin PBXFrameworksBuildPhase section */
		E29619CB225B685A00AD4032 /* Frameworks */ = {
			isa = PBXFrameworksBuildPhase;
			buildActionMask = 2147483647;
			files = (
				60BA3B100F83A85C838E1634 /* Pods_BPBLEDemo.framework in Frameworks */,
			);
			runOnlyForDeploymentPostprocessing = 0;
		};
/* End PBXFrameworksBuildPhase section */

/* Begin PBXGroup section */
		36A453771D4C19877490A5CE /* Frameworks */ = {
			isa = PBXGroup;
			children = (
				BD86670C5F33B30A7E182BD5 /* Pods_BPBLEDemo.framework */,
			);
			name = Frameworks;
			sourceTree = "<group>";
		};
		7A8D51D23A298B6468F503F9 /* Pods */ = {
			isa = PBXGroup;
			children = (
				23CC95989AB596853BE6C752 /* Pods-BPBLEDemo.debug.xcconfig */,
				5B0AB4CAF88C2A806A8DA325 /* Pods-BPBLEDemo.release.xcconfig */,
			);
			path = Pods;
			sourceTree = "<group>";
		};
		E2491CF6225C961C008E7CE0 /* BLEHardwarePackages */ = {
			isa = PBXGroup;
			children = (
				E2491CF7225C961C008E7CE0 /* Firmware */,
				E2491CFC225C961C008E7CE0 /* Boostloader */,
			);
			path = BLEHardwarePackages;
			sourceTree = "<group>";
		};
		E2491CF7225C961C008E7CE0 /* Firmware */ = {
			isa = PBXGroup;
			children = (
				E2491CF8225C961C008E7CE0 /* s02_0004_0120.zip */,
				E2491CF9225C961C008E7CE0 /* s02_0101_0122.zip */,
				E2491CFA225C961C008E7CE0 /* s02_0100_0122.zip */,
				E2491CFB225C961C008E7CE0 /* s02_0006_0120.zip */,
			);
			path = Firmware;
			sourceTree = "<group>";
		};
		E2491CFC225C961C008E7CE0 /* Boostloader */ = {
			isa = PBXGroup;
			children = (
				E2491CFD225C961C008E7CE0 /* s02_dfu_0006.zip */,
				E2491CFE225C961C008E7CE0 /* s02_dfu_0004.zip */,
				E2491CFF225C961C008E7CE0 /* s02_dfu_0100.zip */,
			);
			path = Boostloader;
			sourceTree = "<group>";
		};
		E29619C5225B685A00AD4032 = {
			isa = PBXGroup;
			children = (
				E29619D0225B685A00AD4032 /* BPBLEDemo */,
				E29619CF225B685A00AD4032 /* Products */,
				7A8D51D23A298B6468F503F9 /* Pods */,
				36A453771D4C19877490A5CE /* Frameworks */,
			);
			sourceTree = "<group>";
		};
		E29619CF225B685A00AD4032 /* Products */ = {
			isa = PBXGroup;
			children = (
				E29619CE225B685A00AD4032 /* BPBLEDemo.app */,
			);
			name = Products;
			sourceTree = "<group>";
		};
		E29619D0225B685A00AD4032 /* BPBLEDemo */ = {
			isa = PBXGroup;
			children = (
				E29619D1225B685A00AD4032 /* AppDelegate.h */,
				E29619D2225B685A00AD4032 /* AppDelegate.m */,
				E29619DA225B685B00AD4032 /* Assets.xcassets */,
				E2491CF6225C961C008E7CE0 /* BLEHardwarePackages */,
				E29619E9225B692300AD4032 /* BPBLEDemo-Bridging-Header.h */,
				E29619DF225B685C00AD4032 /* Info.plist */,
				E29619DC225B685C00AD4032 /* LaunchScreen.storyboard */,
				E29619E0225B685C00AD4032 /* main.m */,
				E29619F8225B6B1300AD4032 /* Modules */,
				E29619EA225B692300AD4032 /* Nothing.swift */,
				E2961A36225B7D2D00AD4032 /* PrefixHeader.pch */,
				E29619F5225B6B1300AD4032 /* Utils */,
			);
			path = BPBLEDemo;
			sourceTree = "<group>";
		};
		E29619F5225B6B1300AD4032 /* Utils */ = {
			isa = PBXGroup;
			children = (
				E29619F6225B6B1300AD4032 /* NSObject+BPHUD.h */,
				E29619F7225B6B1300AD4032 /* NSObject+BPHUD.m */,
			);
			path = Utils;
			sourceTree = "<group>";
		};
		E29619F8225B6B1300AD4032 /* Modules */ = {
			isa = PBXGroup;
			children = (
				E29619F9225B6B1300AD4032 /* Connected */,
				E29619FD225B6B1300AD4032 /* Scanning */,
				E2961A01225B6B1300AD4032 /* MainBoard */,
			);
			path = Modules;
			sourceTree = "<group>";
		};
		E29619F9225B6B1300AD4032 /* Connected */ = {
			isa = PBXGroup;
			children = (
				E29619FA225B6B1300AD4032 /* Controller */,
			);
			path = Connected;
			sourceTree = "<group>";
		};
		E29619FA225B6B1300AD4032 /* Controller */ = {
			isa = PBXGroup;
			children = (
				E29619FC225B6B1300AD4032 /* BPConnectedVC.h */,
				E29619FB225B6B1300AD4032 /* BPConnectedVC.m */,
			);
			path = Controller;
			sourceTree = "<group>";
		};
		E29619FD225B6B1300AD4032 /* Scanning */ = {
			isa = PBXGroup;
			children = (
				E29619FE225B6B1300AD4032 /* Controller */,
			);
			path = Scanning;
			sourceTree = "<group>";
		};
		E29619FE225B6B1300AD4032 /* Controller */ = {
			isa = PBXGroup;
			children = (
				E29619FF225B6B1300AD4032 /* BPScanningVC.m */,
				E2961A00225B6B1300AD4032 /* BPScanningVC.h */,
			);
			path = Controller;
			sourceTree = "<group>";
		};
		E2961A01225B6B1300AD4032 /* MainBoard */ = {
			isa = PBXGroup;
			children = (
				E2961A02225B6B1300AD4032 /* Controller */,
			);
			path = MainBoard;
			sourceTree = "<group>";
		};
		E2961A02225B6B1300AD4032 /* Controller */ = {
			isa = PBXGroup;
			children = (
				E2961A03225B6B1300AD4032 /* BPBLEDemoVC.h */,
				E2961A04225B6B1300AD4032 /* BPBLEDemoVC.m */,
			);
			path = Controller;
			sourceTree = "<group>";
		};
/* End PBXGroup section */

/* Begin PBXNativeTarget section */
		E29619CD225B685A00AD4032 /* BPBLEDemo */ = {
			isa = PBXNativeTarget;
			buildConfigurationList = E29619E4225B685C00AD4032 /* Build configuration list for PBXNativeTarget "BPBLEDemo" */;
			buildPhases = (
				350789967F104A59AC794AC3 /* [CP] Check Pods Manifest.lock */,
				E29619CA225B685A00AD4032 /* Sources */,
				E29619CB225B685A00AD4032 /* Frameworks */,
				E29619CC225B685A00AD4032 /* Resources */,
				08E56706F35BF1E76C46E6A8 /* [CP] Embed Pods Frameworks */,
			);
			buildRules = (
			);
			dependencies = (
			);
			name = BPBLEDemo;
			productName = BPBLEDemo;
			productReference = E29619CE225B685A00AD4032 /* BPBLEDemo.app */;
			productType = "com.apple.product-type.application";
		};
/* End PBXNativeTarget section */

/* Begin PBXProject section */
		E29619C6225B685A00AD4032 /* Project object */ = {
			isa = PBXProject;
			attributes = {
				LastUpgradeCheck = 1010;
				ORGANIZATIONNAME = BodyPlus;
				TargetAttributes = {
					E29619CD225B685A00AD4032 = {
						CreatedOnToolsVersion = 10.1;
						LastSwiftMigration = 1010;
					};
				};
			};
			buildConfigurationList = E29619C9225B685A00AD4032 /* Build configuration list for PBXProject "BPBLEDemo" */;
			compatibilityVersion = "Xcode 9.3";
			developmentRegion = en;
			hasScannedForEncodings = 0;
			knownRegions = (
				en,
				Base,
			);
			mainGroup = E29619C5225B685A00AD4032;
			productRefGroup = E29619CF225B685A00AD4032 /* Products */;
			projectDirPath = "";
			projectRoot = "";
			targets = (
				E29619CD225B685A00AD4032 /* BPBLEDemo */,
			);
		};
/* End PBXProject section */

/* Begin PBXResourcesBuildPhase section */
		E29619CC225B685A00AD4032 /* Resources */ = {
			isa = PBXResourcesBuildPhase;
			buildActionMask = 2147483647;
			files = (
				E2491D03225C961C008E7CE0 /* s02_0006_0120.zip in Resources */,
				E2491D02225C961C008E7CE0 /* s02_0100_0122.zip in Resources */,
				E2491D04225C961C008E7CE0 /* s02_dfu_0006.zip in Resources */,
				E2491D06225C961C008E7CE0 /* s02_dfu_0100.zip in Resources */,
				E2491D01225C961C008E7CE0 /* s02_0101_0122.zip in Resources */,
				E29619DE225B685C00AD4032 /* LaunchScreen.storyboard in Resources */,
				E2491D00225C961C008E7CE0 /* s02_0004_0120.zip in Resources */,
				E29619DB225B685C00AD4032 /* Assets.xcassets in Resources */,
				E2491D05225C961C008E7CE0 /* s02_dfu_0004.zip in Resources */,
			);
			runOnlyForDeploymentPostprocessing = 0;
		};
/* End PBXResourcesBuildPhase section */

/* Begin PBXShellScriptBuildPhase section */
		08E56706F35BF1E76C46E6A8 /* [CP] Embed Pods Frameworks */ = {
			isa = PBXShellScriptBuildPhase;
			buildActionMask = 2147483647;
			files = (
			);
			inputFileListPaths = (
			);
			inputPaths = (
				"${PODS_ROOT}/Target Support Files/Pods-BPBLEDemo/Pods-BPBLEDemo-frameworks.sh",
				"${PODS_ROOT}/../../FatArchitecture/BPBLESDK02.framework",
				"${BUILT_PRODUCTS_DIR}/MBProgressHUD/MBProgressHUD.framework",
				"${BUILT_PRODUCTS_DIR}/Masonry/Masonry.framework",
				"${BUILT_PRODUCTS_DIR}/SSZipArchive/SSZipArchive.framework",
				"${BUILT_PRODUCTS_DIR}/YYKit/YYKit.framework",
				"${BUILT_PRODUCTS_DIR}/ZIPFoundation/ZIPFoundation.framework",
				"${BUILT_PRODUCTS_DIR}/iOSDFULibrary/iOSDFULibrary.framework",
			);
			name = "[CP] Embed Pods Frameworks";
			outputFileListPaths = (
			);
			outputPaths = (
				"${TARGET_BUILD_DIR}/${FRAMEWORKS_FOLDER_PATH}/BPBLESDK02.framework",
				"${TARGET_BUILD_DIR}/${FRAMEWORKS_FOLDER_PATH}/MBProgressHUD.framework",
				"${TARGET_BUILD_DIR}/${FRAMEWORKS_FOLDER_PATH}/Masonry.framework",
				"${TARGET_BUILD_DIR}/${FRAMEWORKS_FOLDER_PATH}/SSZipArchive.framework",
				"${TARGET_BUILD_DIR}/${FRAMEWORKS_FOLDER_PATH}/YYKit.framework",
				"${TARGET_BUILD_DIR}/${FRAMEWORKS_FOLDER_PATH}/ZIPFoundation.framework",
				"${TARGET_BUILD_DIR}/${FRAMEWORKS_FOLDER_PATH}/iOSDFULibrary.framework",
			);
			runOnlyForDeploymentPostprocessing = 0;
			shellPath = /bin/sh;
			shellScript = "\"${PODS_ROOT}/Target Support Files/Pods-BPBLEDemo/Pods-BPBLEDemo-frameworks.sh\"\n";
			showEnvVarsInLog = 0;
		};
		350789967F104A59AC794AC3 /* [CP] Check Pods Manifest.lock */ = {
			isa = PBXShellScriptBuildPhase;
			buildActionMask = 2147483647;
			files = (
			);
			inputFileListPaths = (
			);
			inputPaths = (
				"${PODS_PODFILE_DIR_PATH}/Podfile.lock",
				"${PODS_ROOT}/Manifest.lock",
			);
			name = "[CP] Check Pods Manifest.lock";
			outputFileListPaths = (
			);
			outputPaths = (
				"$(DERIVED_FILE_DIR)/Pods-BPBLEDemo-checkManifestLockResult.txt",
			);
			runOnlyForDeploymentPostprocessing = 0;
			shellPath = /bin/sh;
			shellScript = "diff \"${PODS_PODFILE_DIR_PATH}/Podfile.lock\" \"${PODS_ROOT}/Manifest.lock\" > /dev/null\nif [ $? != 0 ] ; then\n    # print error to STDERR\n    echo \"error: The sandbox is not in sync with the Podfile.lock. Run 'pod install' or update your CocoaPods installation.\" >&2\n    exit 1\nfi\n# This output is used by Xcode 'outputs' to avoid re-running this script phase.\necho \"SUCCESS\" > \"${SCRIPT_OUTPUT_FILE_0}\"\n";
			showEnvVarsInLog = 0;
		};
/* End PBXShellScriptBuildPhase section */

/* Begin PBXSourcesBuildPhase section */
		E29619CA225B685A00AD4032 /* Sources */ = {
			isa = PBXSourcesBuildPhase;
			buildActionMask = 2147483647;
			files = (
				E2961A06225B6B1300AD4032 /* BPConnectedVC.m in Sources */,
				E2961A07225B6B1300AD4032 /* BPScanningVC.m in Sources */,
				E29619E1225B685C00AD4032 /* main.m in Sources */,
				E2961A08225B6B1300AD4032 /* BPBLEDemoVC.m in Sources */,
				E2961A05225B6B1300AD4032 /* NSObject+BPHUD.m in Sources */,
				E29619D3225B685A00AD4032 /* AppDelegate.m in Sources */,
				E29619EB225B692300AD4032 /* Nothing.swift in Sources */,
			);
			runOnlyForDeploymentPostprocessing = 0;
		};
/* End PBXSourcesBuildPhase section */

/* Begin PBXVariantGroup section */
		E29619DC225B685C00AD4032 /* LaunchScreen.storyboard */ = {
			isa = PBXVariantGroup;
			children = (
				E29619DD225B685C00AD4032 /* Base */,
			);
			name = LaunchScreen.storyboard;
			sourceTree = "<group>";
		};
/* End PBXVariantGroup section */

/* Begin XCBuildConfiguration section */
		E29619E2225B685C00AD4032 /* Debug */ = {
			isa = XCBuildConfiguration;
			buildSettings = {
				ALWAYS_SEARCH_USER_PATHS = NO;
				CLANG_ANALYZER_NONNULL = YES;
				CLANG_ANALYZER_NUMBER_OBJECT_CONVERSION = YES_AGGRESSIVE;
				CLANG_CXX_LANGUAGE_STANDARD = "gnu++14";
				CLANG_CXX_LIBRARY = "libc++";
				CLANG_ENABLE_MODULES = YES;
				CLANG_ENABLE_OBJC_ARC = YES;
				CLANG_ENABLE_OBJC_WEAK = YES;
				CLANG_WARN_BLOCK_CAPTURE_AUTORELEASING = YES;
				CLANG_WARN_BOOL_CONVERSION = YES;
				CLANG_WARN_COMMA = YES;
				CLANG_WARN_CONSTANT_CONVERSION = YES;
				CLANG_WARN_DEPRECATED_OBJC_IMPLEMENTATIONS = YES;
				CLANG_WARN_DIRECT_OBJC_ISA_USAGE = YES_ERROR;
				CLANG_WARN_DOCUMENTATION_COMMENTS = YES;
				CLANG_WARN_EMPTY_BODY = YES;
				CLANG_WARN_ENUM_CONVERSION = YES;
				CLANG_WARN_INFINITE_RECURSION = YES;
				CLANG_WARN_INT_CONVERSION = YES;
				CLANG_WARN_NON_LITERAL_NULL_CONVERSION = YES;
				CLANG_WARN_OBJC_IMPLICIT_RETAIN_SELF = YES;
				CLANG_WARN_OBJC_LITERAL_CONVERSION = YES;
				CLANG_WARN_OBJC_ROOT_CLASS = YES_ERROR;
				CLANG_WARN_RANGE_LOOP_ANALYSIS = YES;
				CLANG_WARN_STRICT_PROTOTYPES = YES;
				CLANG_WARN_SUSPICIOUS_MOVE = YES;
				CLANG_WARN_UNGUARDED_AVAILABILITY = YES_AGGRESSIVE;
				CLANG_WARN_UNREACHABLE_CODE = YES;
				CLANG_WARN__DUPLICATE_METHOD_MATCH = YES;
				CODE_SIGN_IDENTITY = "iPhone Developer";
				COPY_PHASE_STRIP = NO;
				DEBUG_INFORMATION_FORMAT = dwarf;
				ENABLE_STRICT_OBJC_MSGSEND = YES;
				ENABLE_TESTABILITY = YES;
				GCC_C_LANGUAGE_STANDARD = gnu11;
				GCC_DYNAMIC_NO_PIC = NO;
				GCC_NO_COMMON_BLOCKS = YES;
				GCC_OPTIMIZATION_LEVEL = 0;
				GCC_PREPROCESSOR_DEFINITIONS = (
					"DEBUG=1",
					"$(inherited)",
				);
				GCC_WARN_64_TO_32_BIT_CONVERSION = YES;
				GCC_WARN_ABOUT_RETURN_TYPE = YES_ERROR;
				GCC_WARN_UNDECLARED_SELECTOR = YES;
				GCC_WARN_UNINITIALIZED_AUTOS = YES_AGGRESSIVE;
				GCC_WARN_UNUSED_FUNCTION = YES;
				GCC_WARN_UNUSED_VARIABLE = YES;
				IPHONEOS_DEPLOYMENT_TARGET = 12.1;
				MTL_ENABLE_DEBUG_INFO = INCLUDE_SOURCE;
				MTL_FAST_MATH = YES;
				ONLY_ACTIVE_ARCH = YES;
				SDKROOT = iphoneos;
			};
			name = Debug;
		};
		E29619E3225B685C00AD4032 /* Release */ = {
			isa = XCBuildConfiguration;
			buildSettings = {
				ALWAYS_SEARCH_USER_PATHS = NO;
				CLANG_ANALYZER_NONNULL = YES;
				CLANG_ANALYZER_NUMBER_OBJECT_CONVERSION = YES_AGGRESSIVE;
				CLANG_CXX_LANGUAGE_STANDARD = "gnu++14";
				CLANG_CXX_LIBRARY = "libc++";
				CLANG_ENABLE_MODULES = YES;
				CLANG_ENABLE_OBJC_ARC = YES;
				CLANG_ENABLE_OBJC_WEAK = YES;
				CLANG_WARN_BLOCK_CAPTURE_AUTORELEASING = YES;
				CLANG_WARN_BOOL_CONVERSION = YES;
				CLANG_WARN_COMMA = YES;
				CLANG_WARN_CONSTANT_CONVERSION = YES;
				CLANG_WARN_DEPRECATED_OBJC_IMPLEMENTATIONS = YES;
				CLANG_WARN_DIRECT_OBJC_ISA_USAGE = YES_ERROR;
				CLANG_WARN_DOCUMENTATION_COMMENTS = YES;
				CLANG_WARN_EMPTY_BODY = YES;
				CLANG_WARN_ENUM_CONVERSION = YES;
				CLANG_WARN_INFINITE_RECURSION = YES;
				CLANG_WARN_INT_CONVERSION = YES;
				CLANG_WARN_NON_LITERAL_NULL_CONVERSION = YES;
				CLANG_WARN_OBJC_IMPLICIT_RETAIN_SELF = YES;
				CLANG_WARN_OBJC_LITERAL_CONVERSION = YES;
				CLANG_WARN_OBJC_ROOT_CLASS = YES_ERROR;
				CLANG_WARN_RANGE_LOOP_ANALYSIS = YES;
				CLANG_WARN_STRICT_PROTOTYPES = YES;
				CLANG_WARN_SUSPICIOUS_MOVE = YES;
				CLANG_WARN_UNGUARDED_AVAILABILITY = YES_AGGRESSIVE;
				CLANG_WARN_UNREACHABLE_CODE = YES;
				CLANG_WARN__DUPLICATE_METHOD_MATCH = YES;
				CODE_SIGN_IDENTITY = "iPhone Developer";
				COPY_PHASE_STRIP = NO;
				DEBUG_INFORMATION_FORMAT = "dwarf-with-dsym";
				ENABLE_NS_ASSERTIONS = NO;
				ENABLE_STRICT_OBJC_MSGSEND = YES;
				GCC_C_LANGUAGE_STANDARD = gnu11;
				GCC_NO_COMMON_BLOCKS = YES;
				GCC_WARN_64_TO_32_BIT_CONVERSION = YES;
				GCC_WARN_ABOUT_RETURN_TYPE = YES_ERROR;
				GCC_WARN_UNDECLARED_SELECTOR = YES;
				GCC_WARN_UNINITIALIZED_AUTOS = YES_AGGRESSIVE;
				GCC_WARN_UNUSED_FUNCTION = YES;
				GCC_WARN_UNUSED_VARIABLE = YES;
				IPHONEOS_DEPLOYMENT_TARGET = 12.1;
				MTL_ENABLE_DEBUG_INFO = NO;
				MTL_FAST_MATH = YES;
				SDKROOT = iphoneos;
				VALIDATE_PRODUCT = YES;
			};
			name = Release;
		};
		E29619E5225B685C00AD4032 /* Debug */ = {
			isa = XCBuildConfiguration;
			baseConfigurationReference = 23CC95989AB596853BE6C752 /* Pods-BPBLEDemo.debug.xcconfig */;
			buildSettings = {
				ASSETCATALOG_COMPILER_APPICON_NAME = AppIcon;
				CLANG_ENABLE_MODULES = YES;
				CODE_SIGN_STYLE = Automatic;
				DEVELOPMENT_TEAM = GA3E2USY25;
				ENABLE_BITCODE = NO;
				FRAMEWORK_SEARCH_PATHS = (
					"$(inherited)",
					"$(PROJECT_DIR)/SDK",
				);
				GCC_PREFIX_HEADER = "$(SRCROOT)/$(PROJECT_NAME)/PrefixHeader.pch";
				INFOPLIST_FILE = BPBLEDemo/Info.plist;
				IPHONEOS_DEPLOYMENT_TARGET = 9.0;
				LD_RUNPATH_SEARCH_PATHS = (
					"$(inherited)",
					"@executable_path/Frameworks",
				);
				PRODUCT_BUNDLE_IDENTIFIER = com.bodyplus.bpbledemo.BPBLEDemo;
				PRODUCT_NAME = "$(TARGET_NAME)";
				SWIFT_OBJC_BRIDGING_HEADER = "BPBLEDemo/BPBLEDemo-Bridging-Header.h";
				SWIFT_OPTIMIZATION_LEVEL = "-Onone";
				SWIFT_VERSION = 4.2;
				TARGETED_DEVICE_FAMILY = "1,2";
			};
			name = Debug;
		};
		E29619E6225B685C00AD4032 /* Release */ = {
			isa = XCBuildConfiguration;
			baseConfigurationReference = 5B0AB4CAF88C2A806A8DA325 /* Pods-BPBLEDemo.release.xcconfig */;
			buildSettings = {
				ASSETCATALOG_COMPILER_APPICON_NAME = AppIcon;
				CLANG_ENABLE_MODULES = YES;
				CODE_SIGN_STYLE = Automatic;
				DEVELOPMENT_TEAM = GA3E2USY25;
				ENABLE_BITCODE = NO;
				FRAMEWORK_SEARCH_PATHS = (
					"$(inherited)",
					"$(PROJECT_DIR)/SDK",
				);
				GCC_PREFIX_HEADER = "$(SRCROOT)/$(PROJECT_NAME)/PrefixHeader.pch";
				INFOPLIST_FILE = BPBLEDemo/Info.plist;
				IPHONEOS_DEPLOYMENT_TARGET = 9.0;
				LD_RUNPATH_SEARCH_PATHS = (
					"$(inherited)",
					"@executable_path/Frameworks",
				);
				PRODUCT_BUNDLE_IDENTIFIER = com.bodyplus.bpbledemo.BPBLEDemo;
				PRODUCT_NAME = "$(TARGET_NAME)";
				SWIFT_OBJC_BRIDGING_HEADER = "BPBLEDemo/BPBLEDemo-Bridging-Header.h";
				SWIFT_VERSION = 4.2;
				TARGETED_DEVICE_FAMILY = "1,2";
			};
			name = Release;
		};
/* End XCBuildConfiguration section */

/* Begin XCConfigurationList section */
		E29619C9225B685A00AD4032 /* Build configuration list for PBXProject "BPBLEDemo" */ = {
			isa = XCConfigurationList;
			buildConfigurations = (
				E29619E2225B685C00AD4032 /* Debug */,
				E29619E3225B685C00AD4032 /* Release */,
			);
			defaultConfigurationIsVisible = 0;
			defaultConfigurationName = Release;
		};
		E29619E4225B685C00AD4032 /* Build configuration list for PBXNativeTarget "BPBLEDemo" */ = {
			isa = XCConfigurationList;
			buildConfigurations = (
				E29619E5225B685C00AD4032 /* Debug */,
				E29619E6225B685C00AD4032 /* Release */,
			);
			defaultConfigurationIsVisible = 0;
			defaultConfigurationName = Release;
		};
/* End XCConfigurationList section */
	};
	rootObject = E29619C6225B685A00AD4032 /* Project object */;
}
